// !$*UTF8*$!
{
	archiveVersion = 1;
	classes = {
	};
	objectVersion = 55;
	objects = {

/* Begin PBXBuildFile section */
		9B6E59AD280EE52400283CA2 /* SwiftUIComponentApp.swift in Sources */ = {isa = PBXBuildFile; fileRef = 9B6E59AC280EE52400283CA2 /* SwiftUIComponentApp.swift */; };
		9B6E59AF280EE52400283CA2 /* ContentView.swift in Sources */ = {isa = PBXBuildFile; fileRef = 9B6E59AE280EE52400283CA2 /* ContentView.swift */; };
		9B6E59B1280EE52600283CA2 /* Assets.xcassets in Resources */ = {isa = PBXBuildFile; fileRef = 9B6E59B0280EE52600283CA2 /* Assets.xcassets */; };
		9B6E59B4280EE52600283CA2 /* Preview Assets.xcassets in Resources */ = {isa = PBXBuildFile; fileRef = 9B6E59B3280EE52600283CA2 /* Preview Assets.xcassets */; };
		9B6E59BE280EE52600283CA2 /* SwiftUIComponentTests.swift in Sources */ = {isa = PBXBuildFile; fileRef = 9B6E59BD280EE52600283CA2 /* SwiftUIComponentTests.swift */; };
		9B6E59C8280EE52600283CA2 /* SwiftUIComponentUITests.swift in Sources */ = {isa = PBXBuildFile; fileRef = 9B6E59C7280EE52600283CA2 /* SwiftUIComponentUITests.swift */; };
		9B6E59CA280EE52600283CA2 /* SwiftUIComponentUITestsLaunchTests.swift in Sources */ = {isa = PBXBuildFile; fileRef = 9B6E59C9280EE52600283CA2 /* SwiftUIComponentUITestsLaunchTests.swift */; };
/* End PBXBuildFile section */

/* Begin PBXContainerItemProxy section */
		9B6E59BA280EE52600283CA2 /* PBXContainerItemProxy */ = {
			isa = PBXContainerItemProxy;
			containerPortal = 9B6E59A1280EE52400283CA2 /* Project object */;
			proxyType = 1;
			remoteGlobalIDString = 9B6E59A8280EE52400283CA2;
			remoteInfo = SwiftUIComponent;
		};
		9B6E59C4280EE52600283CA2 /* PBXContainerItemProxy */ = {
			isa = PBXContainerItemProxy;
			containerPortal = 9B6E59A1280EE52400283CA2 /* Project object */;
			proxyType = 1;
			remoteGlobalIDString = 9B6E59A8280EE52400283CA2;
			remoteInfo = SwiftUIComponent;
		};
/* End PBXContainerItemProxy section */

/* Begin PBXFileReference section */
		9B6E59A9280EE52400283CA2 /* SwiftUIComponent.app */ = {isa = PBXFileReference; explicitFileType = wrapper.application; includeInIndex = 0; path = SwiftUIComponent.app; sourceTree = BUILT_PRODUCTS_DIR; };
		9B6E59AC280EE52400283CA2 /* SwiftUIComponentApp.swift */ = {isa = PBXFileReference; lastKnownFileType = sourcecode.swift; path = SwiftUIComponentApp.swift; sourceTree = "<group>"; };
		9B6E59AE280EE52400283CA2 /* ContentView.swift */ = {isa = PBXFileReference; lastKnownFileType = sourcecode.swift; path = ContentView.swift; sourceTree = "<group>"; };
		9B6E59B0280EE52600283CA2 /* Assets.xcassets */ = {isa = PBXFileReference; lastKnownFileType = folder.assetcatalog; path = Assets.xcassets; sourceTree = "<group>"; };
		9B6E59B3280EE52600283CA2 /* Preview Assets.xcassets */ = {isa = PBXFileReference; lastKnownFileType = folder.assetcatalog; path = "Preview Assets.xcassets"; sourceTree = "<group>"; };
		9B6E59B9280EE52600283CA2 /* SwiftUIComponentTests.xctest */ = {isa = PBXFileReference; explicitFileType = wrapper.cfbundle; includeInIndex = 0; path = SwiftUIComponentTests.xctest; sourceTree = BUILT_PRODUCTS_DIR; };
		9B6E59BD280EE52600283CA2 /* SwiftUIComponentTests.swift */ = {isa = PBXFileReference; lastKnownFileType = sourcecode.swift; path = SwiftUIComponentTests.swift; sourceTree = "<group>"; };
		9B6E59C3280EE52600283CA2 /* SwiftUIComponentUITests.xctest */ = {isa = PBXFileReference; explicitFileType = wrapper.cfbundle; includeInIndex = 0; path = SwiftUIComponentUITests.xctest; sourceTree = BUILT_PRODUCTS_DIR; };
		9B6E59C7280EE52600283CA2 /* SwiftUIComponentUITests.swift */ = {isa = PBXFileReference; lastKnownFileType = sourcecode.swift; path = SwiftUIComponentUITests.swift; sourceTree = "<group>"; };
		9B6E59C9280EE52600283CA2 /* SwiftUIComponentUITestsLaunchTests.swift */ = {isa = PBXFileReference; lastKnownFileType = sourcecode.swift; path = SwiftUIComponentUITestsLaunchTests.swift; sourceTree = "<group>"; };
/* End PBXFileReference section */

/* Begin PBXFrameworksBuildPhase section */
		9B6E59A6280EE52400283CA2 /* Frameworks */ = {
			isa = PBXFrameworksBuildPhase;
			buildActionMask = 2147483647;
			files = (
			);
			runOnlyForDeploymentPostprocessing = 0;
		};
		9B6E59B6280EE52600283CA2 /* Frameworks */ = {
			isa = PBXFrameworksBuildPhase;
			buildActionMask = 2147483647;
			files = (
			);
			runOnlyForDeploymentPostprocessing = 0;
		};
		9B6E59C0280EE52600283CA2 /* Frameworks */ = {
			isa = PBXFrameworksBuildPhase;
			buildActionMask = 2147483647;
			files = (
			);
			runOnlyForDeploymentPostprocessing = 0;
		};
/* End PBXFrameworksBuildPhase section */

/* Begin PBXGroup section */
		9B6E59A0280EE52400283CA2 = {
			isa = PBXGroup;
			children = (
				9B6E59AB280EE52400283CA2 /* SwiftUIComponent */,
				9B6E59BC280EE52600283CA2 /* SwiftUIComponentTests */,
				9B6E59C6280EE52600283CA2 /* SwiftUIComponentUITests */,
				9B6E59AA280EE52400283CA2 /* Products */,
			);
			sourceTree = "<group>";
		};
		9B6E59AA280EE52400283CA2 /* Products */ = {
			isa = PBXGroup;
			children = (
				9B6E59A9280EE52400283CA2 /* SwiftUIComponent.app */,
				9B6E59B9280EE52600283CA2 /* SwiftUIComponentTests.xctest */,
				9B6E59C3280EE52600283CA2 /* SwiftUIComponentUITests.xctest */,
			);
			name = Products;
			sourceTree = "<group>";
		};
		9B6E59AB280EE52400283CA2 /* SwiftUIComponent */ = {
			isa = PBXGroup;
			children = (
				9B6E59AC280EE52400283CA2 /* SwiftUIComponentApp.swift */,
				9B6E59AE280EE52400283CA2 /* ContentView.swift */,
				9B6E59B0280EE52600283CA2 /* Assets.xcassets */,
				9B6E59B2280EE52600283CA2 /* Preview Content */,
			);
			path = SwiftUIComponent;
			sourceTree = "<group>";
		};
		9B6E59B2280EE52600283CA2 /* Preview Content */ = {
			isa = PBXGroup;
			children = (
				9B6E59B3280EE52600283CA2 /* Preview Assets.xcassets */,
			);
			path = "Preview Content";
			sourceTree = "<group>";
		};
		9B6E59BC280EE52600283CA2 /* SwiftUIComponentTests */ = {
			isa = PBXGroup;
			children = (
				9B6E59BD280EE52600283CA2 /* SwiftUIComponentTests.swift */,
			);
			path = SwiftUIComponentTests;
			sourceTree = "<group>";
		};
		9B6E59C6280EE52600283CA2 /* SwiftUIComponentUITests */ = {
			isa = PBXGroup;
			children = (
				9B6E59C7280EE52600283CA2 /* SwiftUIComponentUITests.swift */,
				9B6E59C9280EE52600283CA2 /* SwiftUIComponentUITestsLaunchTests.swift */,
			);
			path = SwiftUIComponentUITests;
			sourceTree = "<group>";
		};
/* End PBXGroup section */

/* Begin PBXNativeTarget section */
		9B6E59A8280EE52400283CA2 /* SwiftUIComponent */ = {
			isa = PBXNativeTarget;
			buildConfigurationList = 9B6E59CD280EE52600283CA2 /* Build configuration list for PBXNativeTarget "SwiftUIComponent" */;
			buildPhases = (
				9B6E59A5280EE52400283CA2 /* Sources */,
				9B6E59A6280EE52400283CA2 /* Frameworks */,
				9B6E59A7280EE52400283CA2 /* Resources */,
			);
			buildRules = (
			);
			dependencies = (
			);
			name = SwiftUIComponent;
			productName = SwiftUIComponent;
			productReference = 9B6E59A9280EE52400283CA2 /* SwiftUIComponent.app */;
			productType = "com.apple.product-type.application";
		};
		9B6E59B8280EE52600283CA2 /* SwiftUIComponentTests */ = {
			isa = PBXNativeTarget;
			buildConfigurationList = 9B6E59D0280EE52600283CA2 /* Build configuration list for PBXNativeTarget "SwiftUIComponentTests" */;
			buildPhases = (
				9B6E59B5280EE52600283CA2 /* Sources */,
				9B6E59B6280EE52600283CA2 /* Frameworks */,
				9B6E59B7280EE52600283CA2 /* Resources */,
			);
			buildRules = (
			);
			dependencies = (
				9B6E59BB280EE52600283CA2 /* PBXTargetDependency */,
			);
			name = SwiftUIComponentTests;
			productName = SwiftUIComponentTests;
			productReference = 9B6E59B9280EE52600283CA2 /* SwiftUIComponentTests.xctest */;
			productType = "com.apple.product-type.bundle.unit-test";
		};
		9B6E59C2280EE52600283CA2 /* SwiftUIComponentUITests */ = {
			isa = PBXNativeTarget;
			buildConfigurationList = 9B6E59D3280EE52600283CA2 /* Build configuration list for PBXNativeTarget "SwiftUIComponentUITests" */;
			buildPhases = (
				9B6E59BF280EE52600283CA2 /* Sources */,
				9B6E59C0280EE52600283CA2 /* Frameworks */,
				9B6E59C1280EE52600283CA2 /* Resources */,
			);
			buildRules = (
			);
			dependencies = (
				9B6E59C5280EE52600283CA2 /* PBXTargetDependency */,
			);
			name = SwiftUIComponentUITests;
			productName = SwiftUIComponentUITests;
			productReference = 9B6E59C3280EE52600283CA2 /* SwiftUIComponentUITests.xctest */;
			productType = "com.apple.product-type.bundle.ui-testing";
		};
/* End PBXNativeTarget section */

/* Begin PBXProject section */
		9B6E59A1280EE52400283CA2 /* Project object */ = {
			isa = PBXProject;
			attributes = {
				BuildIndependentTargetsInParallel = 1;
				LastSwiftUpdateCheck = 1320;
				LastUpgradeCheck = 1320;
				TargetAttributes = {
					9B6E59A8280EE52400283CA2 = {
						CreatedOnToolsVersion = 13.2.1;
					};
					9B6E59B8280EE52600283CA2 = {
						CreatedOnToolsVersion = 13.2.1;
						TestTargetID = 9B6E59A8280EE52400283CA2;
					};
					9B6E59C2280EE52600283CA2 = {
						CreatedOnToolsVersion = 13.2.1;
						TestTargetID = 9B6E59A8280EE52400283CA2;
					};
				};
			};
			buildConfigurationList = 9B6E59A4280EE52400283CA2 /* Build configuration list for PBXProject "SwiftUIComponent" */;
			compatibilityVersion = "Xcode 13.0";
			developmentRegion = en;
			hasScannedForEncodings = 0;
			knownRegions = (
				en,
				Base,
			);
			mainGroup = 9B6E59A0280EE52400283CA2;
			productRefGroup = 9B6E59AA280EE52400283CA2 /* Products */;
			projectDirPath = "";
			projectRoot = "";
			targets = (
				9B6E59A8280EE52400283CA2 /* SwiftUIComponent */,
				9B6E59B8280EE52600283CA2 /* SwiftUIComponentTests */,
				9B6E59C2280EE52600283CA2 /* SwiftUIComponentUITests */,
			);
		};
/* End PBXProject section */

/* Begin PBXResourcesBuildPhase section */
		9B6E59A7280EE52400283CA2 /* Resources */ = {
			isa = PBXResourcesBuildPhase;
			buildActionMask = 2147483647;
			files = (
				9B6E59B4280EE52600283CA2 /* Preview Assets.xcassets in Resources */,
				9B6E59B1280EE52600283CA2 /* Assets.xcassets in Resources */,
			);
			runOnlyForDeploymentPostprocessing = 0;
		};
		9B6E59B7280EE52600283CA2 /* Resources */ = {
			isa = PBXResourcesBuildPhase;
			buildActionMask = 2147483647;
			files = (
			);
			runOnlyForDeploymentPostprocessing = 0;
		};
		9B6E59C1280EE52600283CA2 /* Resources */ = {
			isa = PBXResourcesBuildPhase;
			buildActionMask = 2147483647;
			files = (
			);
			runOnlyForDeploymentPostprocessing = 0;
		};
/* End PBXResourcesBuildPhase section */

/* Begin PBXSourcesBuildPhase section */
		9B6E59A5280EE52400283CA2 /* Sources */ = {
			isa = PBXSourcesBuildPhase;
			buildActionMask = 2147483647;
			files = (
				9B6E59AF280EE52400283CA2 /* ContentView.swift in Sources */,
				9B6E59AD280EE52400283CA2 /* SwiftUIComponentApp.swift in Sources */,
			);
			runOnlyForDeploymentPostprocessing = 0;
		};
		9B6E59B5280EE52600283CA2 /* Sources */ = {
			isa = PBXSourcesBuildPhase;
			buildActionMask = 2147483647;
			files = (
				9B6E59BE280EE52600283CA2 /* SwiftUIComponentTests.swift in Sources */,
			);
			runOnlyForDeploymentPostprocessing = 0;
		};
		9B6E59BF280EE52600283CA2 /* Sources */ = {
			isa = PBXSourcesBuildPhase;
			buildActionMask = 2147483647;
			files = (
				9B6E59CA280EE52600283CA2 /* SwiftUIComponentUITestsLaunchTests.swift in Sources */,
				9B6E59C8280EE52600283CA2 /* SwiftUIComponentUITests.swift in Sources */,
			);
			runOnlyForDeploymentPostprocessing = 0;
		};
/* End PBXSourcesBuildPhase section */

/* Begin PBXTargetDependency section */
		9B6E59BB280EE52600283CA2 /* PBXTargetDependency */ = {
			isa = PBXTargetDependency;
			target = 9B6E59A8280EE52400283CA2 /* SwiftUIComponent */;
			targetProxy = 9B6E59BA280EE52600283CA2 /* PBXContainerItemProxy */;
		};
		9B6E59C5280EE52600283CA2 /* PBXTargetDependency */ = {
			isa = PBXTargetDependency;
			target = 9B6E59A8280EE52400283CA2 /* SwiftUIComponent */;
			targetProxy = 9B6E59C4280EE52600283CA2 /* PBXContainerItemProxy */;
		};
/* End PBXTargetDependency section */

/* Begin XCBuildConfiguration section */
		9B6E59CB280EE52600283CA2 /* Debug */ = {
			isa = XCBuildConfiguration;
			buildSettings = {
				ALWAYS_SEARCH_USER_PATHS = NO;
				CLANG_ANALYZER_NONNULL = YES;
				CLANG_ANALYZER_NUMBER_OBJECT_CONVERSION = YES_AGGRESSIVE;
				CLANG_CXX_LANGUAGE_STANDARD = "gnu++17";
				CLANG_CXX_LIBRARY = "libc++";
				CLANG_ENABLE_MODULES = YES;
				CLANG_ENABLE_OBJC_ARC = YES;
				CLANG_ENABLE_OBJC_WEAK = YES;
				CLANG_WARN_BLOCK_CAPTURE_AUTORELEASING = YES;
				CLANG_WARN_BOOL_CONVERSION = YES;
				CLANG_WARN_COMMA = YES;
				CLANG_WARN_CONSTANT_CONVERSION = YES;
				CLANG_WARN_DEPRECATED_OBJC_IMPLEMENTATIONS = YES;
				CLANG_WARN_DIRECT_OBJC_ISA_USAGE = YES_ERROR;
				CLANG_WARN_DOCUMENTATION_COMMENTS = YES;
				CLANG_WARN_EMPTY_BODY = YES;
				CLANG_WARN_ENUM_CONVERSION = YES;
				CLANG_WARN_INFINITE_RECURSION = YES;
				CLANG_WARN_INT_CONVERSION = YES;
				CLANG_WARN_NON_LITERAL_NULL_CONVERSION = YES;
				CLANG_WARN_OBJC_IMPLICIT_RETAIN_SELF = YES;
				CLANG_WARN_OBJC_LITERAL_CONVERSION = YES;
				CLANG_WARN_OBJC_ROOT_CLASS = YES_ERROR;
				CLANG_WARN_QUOTED_INCLUDE_IN_FRAMEWORK_HEADER = YES;
				CLANG_WARN_RANGE_LOOP_ANALYSIS = YES;
				CLANG_WARN_STRICT_PROTOTYPES = YES;
				CLANG_WARN_SUSPICIOUS_MOVE = YES;
				CLANG_WARN_UNGUARDED_AVAILABILITY = YES_AGGRESSIVE;
				CLANG_WARN_UNREACHABLE_CODE = YES;
				CLANG_WARN__DUPLICATE_METHOD_MATCH = YES;
				COPY_PHASE_STRIP = NO;
				DEBUG_INFORMATION_FORMAT = dwarf;
				ENABLE_STRICT_OBJC_MSGSEND = YES;
				ENABLE_TESTABILITY = YES;
				GCC_C_LANGUAGE_STANDARD = gnu11;
				GCC_DYNAMIC_NO_PIC = NO;
				GCC_NO_COMMON_BLOCKS = YES;
				GCC_OPTIMIZATION_LEVEL = 0;
				GCC_PREPROCESSOR_DEFINITIONS = (
					"DEBUG=1",
					"$(inherited)",
				);
				GCC_WARN_64_TO_32_BIT_CONVERSION = YES;
				GCC_WARN_ABOUT_RETURN_TYPE = YES_ERROR;
				GCC_WARN_UNDECLARED_SELECTOR = YES;
				GCC_WARN_UNINITIALIZED_AUTOS = YES_AGGRESSIVE;
				GCC_WARN_UNUSED_FUNCTION = YES;
				GCC_WARN_UNUSED_VARIABLE = YES;
				IPHONEOS_DEPLOYMENT_TARGET = 15.2;
				MTL_ENABLE_DEBUG_INFO = INCLUDE_SOURCE;
				MTL_FAST_MATH = YES;
				ONLY_ACTIVE_ARCH = YES;
				SDKROOT = iphoneos;
				SWIFT_ACTIVE_COMPILATION_CONDITIONS = DEBUG;
				SWIFT_OPTIMIZATION_LEVEL = "-Onone";
			};
			name = Debug;
		};
		9B6E59CC280EE52600283CA2 /* Release */ = {
			isa = XCBuildConfiguration;
			buildSettings = {
				ALWAYS_SEARCH_USER_PATHS = NO;
				CLANG_ANALYZER_NONNULL = YES;
				CLANG_ANALYZER_NUMBER_OBJECT_CONVERSION = YES_AGGRESSIVE;
				CLANG_CXX_LANGUAGE_STANDARD = "gnu++17";
				CLANG_CXX_LIBRARY = "libc++";
				CLANG_ENABLE_MODULES = YES;
				CLANG_ENABLE_OBJC_ARC = YES;
				CLANG_ENABLE_OBJC_WEAK = YES;
				CLANG_WARN_BLOCK_CAPTURE_AUTORELEASING = YES;
				CLANG_WARN_BOOL_CONVERSION = YES;
				CLANG_WARN_COMMA = YES;
				CLANG_WARN_CONSTANT_CONVERSION = YES;
				CLANG_WARN_DEPRECATED_OBJC_IMPLEMENTATIONS = YES;
				CLANG_WARN_DIRECT_OBJC_ISA_USAGE = YES_ERROR;
				CLANG_WARN_DOCUMENTATION_COMMENTS = YES;
				CLANG_WARN_EMPTY_BODY = YES;
				CLANG_WARN_ENUM_CONVERSION = YES;
				CLANG_WARN_INFINITE_RECURSION = YES;
				CLANG_WARN_INT_CONVERSION = YES;
				CLANG_WARN_NON_LITERAL_NULL_CONVERSION = YES;
				CLANG_WARN_OBJC_IMPLICIT_RETAIN_SELF = YES;
				CLANG_WARN_OBJC_LITERAL_CONVERSION = YES;
				CLANG_WARN_OBJC_ROOT_CLASS = YES_ERROR;
				CLANG_WARN_QUOTED_INCLUDE_IN_FRAMEWORK_HEADER = YES;
				CLANG_WARN_RANGE_LOOP_ANALYSIS = YES;
				CLANG_WARN_STRICT_PROTOTYPES = YES;
				CLANG_WARN_SUSPICIOUS_MOVE = YES;
				CLANG_WARN_UNGUARDED_AVAILABILITY = YES_AGGRESSIVE;
				CLANG_WARN_UNREACHABLE_CODE = YES;
				CLANG_WARN__DUPLICATE_METHOD_MATCH = YES;
				COPY_PHASE_STRIP = NO;
				DEBUG_INFORMATION_FORMAT = "dwarf-with-dsym";
				ENABLE_NS_ASSERTIONS = NO;
				ENABLE_STRICT_OBJC_MSGSEND = YES;
				GCC_C_LANGUAGE_STANDARD = gnu11;
				GCC_NO_COMMON_BLOCKS = YES;
				GCC_WARN_64_TO_32_BIT_CONVERSION = YES;
				GCC_WARN_ABOUT_RETURN_TYPE = YES_ERROR;
				GCC_WARN_UNDECLARED_SELECTOR = YES;
				GCC_WARN_UNINITIALIZED_AUTOS = YES_AGGRESSIVE;
				GCC_WARN_UNUSED_FUNCTION = YES;
				GCC_WARN_UNUSED_VARIABLE = YES;
				IPHONEOS_DEPLOYMENT_TARGET = 15.2;
				MTL_ENABLE_DEBUG_INFO = NO;
				MTL_FAST_MATH = YES;
				SDKROOT = iphoneos;
				SWIFT_COMPILATION_MODE = wholemodule;
				SWIFT_OPTIMIZATION_LEVEL = "-O";
				VALIDATE_PRODUCT = YES;
			};
			name = Release;
		};
		9B6E59CE280EE52600283CA2 /* Debug */ = {
			isa = XCBuildConfiguration;
			buildSettings = {
				ASSETCATALOG_COMPILER_APPICON_NAME = AppIcon;
				ASSETCATALOG_COMPILER_GLOBAL_ACCENT_COLOR_NAME = AccentColor;
				CODE_SIGN_STYLE = Automatic;
				CURRENT_PROJECT_VERSION = 1;
				DEVELOPMENT_ASSET_PATHS = "\"SwiftUIComponent/Preview Content\"";
				ENABLE_PREVIEWS = YES;
				GENERATE_INFOPLIST_FILE = YES;
				INFOPLIST_KEY_UIApplicationSceneManifest_Generation = YES;
				INFOPLIST_KEY_UIApplicationSupportsIndirectInputEvents = YES;
				INFOPLIST_KEY_UILaunchScreen_Generation = YES;
				INFOPLIST_KEY_UISupportedInterfaceOrientations_iPad = "UIInterfaceOrientationPortrait UIInterfaceOrientationPortraitUpsideDown UIInterfaceOrientationLandscapeLeft UIInterfaceOrientationLandscapeRight";
				INFOPLIST_KEY_UISupportedInterfaceOrientations_iPhone = "UIInterfaceOrientationPortrait UIInterfaceOrientationLandscapeLeft UIInterfaceOrientationLandscapeRight";
				LD_RUNPATH_SEARCH_PATHS = (
					"$(inherited)",
					"@executable_path/Frameworks",
				);
				MARKETING_VERSION = 1.0;
				PRODUCT_BUNDLE_IDENTIFIER = fr.djacques.SwiftUIComponent;
				PRODUCT_NAME = "$(TARGET_NAME)";
				SWIFT_EMIT_LOC_STRINGS = YES;
				SWIFT_VERSION = 5.0;
				TARGETED_DEVICE_FAMILY = "1,2";
			};
			name = Debug;
		};
		9B6E59CF280EE52600283CA2 /* Release */ = {
			isa = XCBuildConfiguration;
			buildSettings = {
				ASSETCATALOG_COMPILER_APPICON_NAME = AppIcon;
				ASSETCATALOG_COMPILER_GLOBAL_ACCENT_COLOR_NAME = AccentColor;
				CODE_SIGN_STYLE = Automatic;
				CURRENT_PROJECT_VERSION = 1;
				DEVELOPMENT_ASSET_PATHS = "\"SwiftUIComponent/Preview Content\"";
				ENABLE_PREVIEWS = YES;
				GENERATE_INFOPLIST_FILE = YES;
				INFOPLIST_KEY_UIApplicationSceneManifest_Generation = YES;
				INFOPLIST_KEY_UIApplicationSupportsIndirectInputEvents = YES;
				INFOPLIST_KEY_UILaunchScreen_Generation = YES;
				INFOPLIST_KEY_UISupportedInterfaceOrientations_iPad = "UIInterfaceOrientationPortrait UIInterfaceOrientationPortraitUpsideDown UIInterfaceOrientationLandscapeLeft UIInterfaceOrientationLandscapeRight";
				INFOPLIST_KEY_UISupportedInterfaceOrientations_iPhone = "UIInterfaceOrientationPortrait UIInterfaceOrientationLandscapeLeft UIInterfaceOrientationLandscapeRight";
				LD_RUNPATH_SEARCH_PATHS = (
					"$(inherited)",
					"@executable_path/Frameworks",
				);
				MARKETING_VERSION = 1.0;
				PRODUCT_BUNDLE_IDENTIFIER = fr.djacques.SwiftUIComponent;
				PRODUCT_NAME = "$(TARGET_NAME)";
				SWIFT_EMIT_LOC_STRINGS = YES;
				SWIFT_VERSION = 5.0;
				TARGETED_DEVICE_FAMILY = "1,2";
			};
			name = Release;
		};
		9B6E59D1280EE52600283CA2 /* Debug */ = {
			isa = XCBuildConfiguration;
			buildSettings = {
				ALWAYS_EMBED_SWIFT_STANDARD_LIBRARIES = YES;
				BUNDLE_LOADER = "$(TEST_HOST)";
				CODE_SIGN_STYLE = Automatic;
				CURRENT_PROJECT_VERSION = 1;
				GENERATE_INFOPLIST_FILE = YES;
				IPHONEOS_DEPLOYMENT_TARGET = 15.2;
				MARKETING_VERSION = 1.0;
				PRODUCT_BUNDLE_IDENTIFIER = fr.djacques.SwiftUIComponentTests;
				PRODUCT_NAME = "$(TARGET_NAME)";
				SWIFT_EMIT_LOC_STRINGS = NO;
				SWIFT_VERSION = 5.0;
				TARGETED_DEVICE_FAMILY = "1,2";
				TEST_HOST = "$(BUILT_PRODUCTS_DIR)/SwiftUIComponent.app/SwiftUIComponent";
			};
			name = Debug;
		};
		9B6E59D2280EE52600283CA2 /* Release */ = {
			isa = XCBuildConfiguration;
			buildSettings = {
				ALWAYS_EMBED_SWIFT_STANDARD_LIBRARIES = YES;
				BUNDLE_LOADER = "$(TEST_HOST)";
				CODE_SIGN_STYLE = Automatic;
				CURRENT_PROJECT_VERSION = 1;
				GENERATE_INFOPLIST_FILE = YES;
				IPHONEOS_DEPLOYMENT_TARGET = 15.2;
				MARKETING_VERSION = 1.0;
				PRODUCT_BUNDLE_IDENTIFIER = fr.djacques.SwiftUIComponentTests;
				PRODUCT_NAME = "$(TARGET_NAME)";
				SWIFT_EMIT_LOC_STRINGS = NO;
				SWIFT_VERSION = 5.0;
				TARGETED_DEVICE_FAMILY = "1,2";
				TEST_HOST = "$(BUILT_PRODUCTS_DIR)/SwiftUIComponent.app/SwiftUIComponent";
			};
			name = Release;
		};
		9B6E59D4280EE52600283CA2 /* Debug */ = {
			isa = XCBuildConfiguration;
			buildSettings = {
				ALWAYS_EMBED_SWIFT_STANDARD_LIBRARIES = YES;
				CODE_SIGN_STYLE = Automatic;
				CURRENT_PROJECT_VERSION = 1;
				GENERATE_INFOPLIST_FILE = YES;
				MARKETING_VERSION = 1.0;
				PRODUCT_BUNDLE_IDENTIFIER = fr.djacques.SwiftUIComponentUITests;
				PRODUCT_NAME = "$(TARGET_NAME)";
				SWIFT_EMIT_LOC_STRINGS = NO;
				SWIFT_VERSION = 5.0;
				TARGETED_DEVICE_FAMILY = "1,2";
				TEST_TARGET_NAME = SwiftUIComponent;
			};
			name = Debug;
		};
		9B6E59D5280EE52600283CA2 /* Release */ = {
			isa = XCBuildConfiguration;
			buildSettings = {
				ALWAYS_EMBED_SWIFT_STANDARD_LIBRARIES = YES;
				CODE_SIGN_STYLE = Automatic;
				CURRENT_PROJECT_VERSION = 1;
				GENERATE_INFOPLIST_FILE = YES;
				MARKETING_VERSION = 1.0;
				PRODUCT_BUNDLE_IDENTIFIER = fr.djacques.SwiftUIComponentUITests;
				PRODUCT_NAME = "$(TARGET_NAME)";
				SWIFT_EMIT_LOC_STRINGS = NO;
				SWIFT_VERSION = 5.0;
				TARGETED_DEVICE_FAMILY = "1,2";
				TEST_TARGET_NAME = SwiftUIComponent;
			};
			name = Release;
		};
/* End XCBuildConfiguration section */

/* Begin XCConfigurationList section */
		9B6E59A4280EE52400283CA2 /* Build configuration list for PBXProject "SwiftUIComponent" */ = {
			isa = XCConfigurationList;
			buildConfigurations = (
				9B6E59CB280EE52600283CA2 /* Debug */,
				9B6E59CC280EE52600283CA2 /* Release */,
			);
			defaultConfigurationIsVisible = 0;
			defaultConfigurationName = Release;
		};
		9B6E59CD280EE52600283CA2 /* Build configuration list for PBXNativeTarget "SwiftUIComponent" */ = {
			isa = XCConfigurationList;
			buildConfigurations = (
				9B6E59CE280EE52600283CA2 /* Debug */,
				9B6E59CF280EE52600283CA2 /* Release */,
			);
			defaultConfigurationIsVisible = 0;
			defaultConfigurationName = Release;
		};
		9B6E59D0280EE52600283CA2 /* Build configuration list for PBXNativeTarget "SwiftUIComponentTests" */ = {
			isa = XCConfigurationList;
			buildConfigurations = (
				9B6E59D1280EE52600283CA2 /* Debug */,
				9B6E59D2280EE52600283CA2 /* Release */,
			);
			defaultConfigurationIsVisible = 0;
			defaultConfigurationName = Release;
		};
		9B6E59D3280EE52600283CA2 /* Build configuration list for PBXNativeTarget "SwiftUIComponentUITests" */ = {
			isa = XCConfigurationList;
			buildConfigurations = (
				9B6E59D4280EE52600283CA2 /* Debug */,
				9B6E59D5280EE52600283CA2 /* Release */,
			);
			defaultConfigurationIsVisible = 0;
			defaultConfigurationName = Release;
		};
/* End XCConfigurationList section */
	};
	rootObject = 9B6E59A1280EE52400283CA2 /* Project object */;
}
